schema: '2.0'
stages:
  prepare_data:
    cmd: python ./prepare_data.py
    deps:
    - path: ./archive/imdb-dataset.csv
      hash: md5
      md5: 308443a50e5c993e7b8a1cdb95750026
      size: 66212309
    - path: ./prepare_data.py
      hash: md5
      md5: f93ca3ceecebc9636a863f84ecfd79d9
      size: 678
    params:
      params.yaml:
        data:
          csv_file_path: ./archive/imdb-dataset.csv
          test_set_ratio: 0.3
          train_csv_save_path: ./archive/train.csv
          test_csv_save_path: ./archive/test.csv
    outs:
    - path: ./archive/test.csv
      hash: md5
      md5: 90a4dc6b916dbef41d372e931378cddd
      size: 19848031
    - path: ./archive/train.csv
      hash: md5
      md5: 901990d46f51767548b81e1cc4dafe0c
      size: 46514309
  make_features:
    cmd: python ./make_features.py
    deps:
    - path: ./archive/test.csv
      hash: md5
      md5: 90a4dc6b916dbef41d372e931378cddd
      size: 19848031
    - path: ./archive/train.csv
      hash: md5
      md5: 901990d46f51767548b81e1cc4dafe0c
      size: 46514309
    - path: ./make_features.py
      hash: md5
      md5: e8fe753b8853596da318d1c0473a814e
      size: 1144
    params:
      params.yaml:
        features:
          vectorizer: tfidf-vectorizer
          train_features_save_path: ./archive/train.joblib
          test_features_save_path: ./archive/test.joblib
    outs:
    - path: ./archive/test.joblib
      hash: md5
      md5: ee3132e09876a350f740eebf150e4b05
      size: 15817251
    - path: ./archive/train.joblib
      hash: md5
      md5: f3f8e9cb0dbe1de2fdb3ebd666f450cb
      size: 37416227
  train:
    cmd: python ./train.py
    deps:
    - path: ./archive/train.csv
      hash: md5
      md5: 901990d46f51767548b81e1cc4dafe0c
      size: 46514309
    - path: ./archive/train.joblib
      hash: md5
      md5: f3f8e9cb0dbe1de2fdb3ebd666f450cb
      size: 37416227
    - path: ./train.py
      hash: md5
      md5: 7cf0e7e0772c541ac7f9e006d20c0c14
      size: 712
    params:
      params.yaml:
        train:
          penalty: l2
          C: 1.0
          solver: lbfgs
          model_save_path: ./archive/model.joblib
    outs:
    - path: ./archive/model.joblib
      hash: md5
      md5: c70311ba102158602f72248f4c54fb5c
      size: 704335
  evaluate:
    cmd: python ./evaluate.py
    deps:
    - path: ./archive/model.joblib
      hash: md5
      md5: c70311ba102158602f72248f4c54fb5c
      size: 704335
    - path: ./archive/test.csv
      hash: md5
      md5: 90a4dc6b916dbef41d372e931378cddd
      size: 19848031
    - path: ./archive/test.joblib
      hash: md5
      md5: ee3132e09876a350f740eebf150e4b05
      size: 15817251
    - path: ./evaluate.py
      hash: md5
      md5: 70d5c8dbfbf55b34a51ee3e95e7089eb
      size: 961
    params:
      params.yaml:
        evaluate:
          metric: f1_score
          results_save_path: ./archive/results.yaml
    outs:
    - path: ./archive/results.yaml
      hash: md5
      md5: 4f7fadb08772fa2f4bf1a093099b096c
      size: 30
